
Microsoft Visual Studio Solution File, Format Version 12.00
# Visual Studio Version 16
VisualStudioVersion = 16.0.31205.134
MinimumVisualStudioVersion = 10.0.40219.1
Project("{FAE04EC0-301F-11D3-BF4B-00C04F79EFBC}") = "DownloadWeb", "DownloadWeb.csproj", "{42B3ACB8-7877-4EA3-9257-7A81CC94E0AA}"
EndProject
Global
	GlobalSection(SolutionConfigurationPlatforms) = preSolution
		Debug|Any CPU = Debug|Any CPU
		Release|Any CPU = Release|Any CPU
	EndGlobalSection
	GlobalSection(ProjectConfigurationPlatforms) = postSolution
		{42B3ACB8-7877-4EA3-9257-7A81CC94E0AA}.Debug|Any CPU.ActiveCfg = Debug|Any CPU
		{42B3ACB8-7877-4EA3-9257-7A81CC94E0AA}.Debug|Any CPU.Build.0 = Debug|Any CPU
		{42B3ACB8-7877-4EA3-9257-7A81CC94E0AA}.Release|Any CPU.ActiveCfg = Release|Any CPU
		{42B3ACB8-7877-4EA3-9257-7A81CC94E0AA}.Release|Any CPU.Build.0 = Release|Any CPU
	EndGlobalSection
	GlobalSection(SolutionProperties) = preSolution
		HideSolutionNode = FALSE
	EndGlobalSection
	GlobalSection(ExtensibilityGlobals) = postSolution
		SolutionGuid = {5467031B-E70D-4B8E-9A84-4792B3799CC8}
	EndGlobalSection
EndGlobal
